
Microsoft Visual Studio Solution File, Format Version 12.00
# Visual Studio Version 17
VisualStudioVersion = 17.7.34221.43
MinimumVisualStudioVersion = 10.0.40219.1
Project("{FAE04EC0-301F-11D3-BF4B-00C04F79EFBC}") = "Area 51", "Area 51\Area 51.csproj", "{A3F98367-7699-4CFA-BC47-418C752307D9}"
EndProject
Global
	GlobalSection(SolutionConfigurationPlatforms) = preSolution
		Debug|Any CPU = Debug|Any CPU
		Release|Any CPU = Release|Any CPU
	EndGlobalSection
	GlobalSection(ProjectConfigurationPlatforms) = postSolution
		{A3F98367-7699-4CFA-BC47-418C752307D9}.Debug|Any CPU.ActiveCfg = Debug|Any CPU
		{A3F98367-7699-4CFA-BC47-418C752307D9}.Debug|Any CPU.Build.0 = Debug|Any CPU
		{A3F98367-7699-4CFA-BC47-418C752307D9}.Release|Any CPU.ActiveCfg = Release|Any CPU
		{A3F98367-7699-4CFA-BC47-418C752307D9}.Release|Any CPU.Build.0 = Release|Any CPU
	EndGlobalSection
	GlobalSection(SolutionProperties) = preSolution
		HideSolutionNode = FALSE
	EndGlobalSection
	GlobalSection(ExtensibilityGlobals) = postSolution
		SolutionGuid = {5CD5C89C-5974-47EA-969E-5A7FB087D303}
	EndGlobalSection
EndGlobal
